
Microsoft Visual Studio Solution File, Format Version 12.00
# Visual Studio Version 18
VisualStudioVersion = 18.6.11822.322
MinimumVisualStudioVersion = 10.0.40219.1
Project("{FAE04EC0-301F-11D3-BF4B-00C04F79EFBC}") = "DemoMVC", "DemoMVC\DemoMVC.csproj", "{095EBCCB-EC8E-323E-1610-1E7EF9AC64DC}"
EndProject
Project("{FAE04EC0-301F-11D3-BF4B-00C04F79EFBC}") = "DemoMVC.Tests", "DemoMVC.Tests\DemoMVC.Tests.csproj", "{6B56A956-D416-4E70-B175-E33641E04948}"
EndProject
Global
	GlobalSection(SolutionConfigurationPlatforms) = preSolution
		Debug|Any CPU = Debug|Any CPU
		Debug|x64 = Debug|x64
		Debug|x86 = Debug|x86
		Release|Any CPU = Release|Any CPU
		Release|x64 = Release|x64
		Release|x86 = Release|x86
	EndGlobalSection
	GlobalSection(ProjectConfigurationPlatforms) = postSolution
		{095EBCCB-EC8E-323E-1610-1E7EF9AC64DC}.Debug|Any CPU.ActiveCfg = Debug|Any CPU
		{095EBCCB-EC8E-323E-1610-1E7EF9AC64DC}.Debug|Any CPU.Build.0 = Debug|Any CPU
		{095EBCCB-EC8E-323E-1610-1E7EF9AC64DC}.Debug|x64.ActiveCfg = Debug|Any CPU
		{095EBCCB-EC8E-323E-1610-1E7EF9AC64DC}.Debug|x64.Build.0 = Debug|Any CPU
		{095EBCCB-EC8E-323E-1610-1E7EF9AC64DC}.Debug|x86.ActiveCfg = Debug|Any CPU
		{095EBCCB-EC8E-323E-1610-1E7EF9AC64DC}.Debug|x86.Build.0 = Debug|Any CPU
		{095EBCCB-EC8E-323E-1610-1E7EF9AC64DC}.Release|Any CPU.ActiveCfg = Release|Any CPU
		{095EBCCB-EC8E-323E-1610-1E7EF9AC64DC}.Release|Any CPU.Build.0 = Release|Any CPU
		{095EBCCB-EC8E-323E-1610-1E7EF9AC64DC}.Release|x64.ActiveCfg = Release|Any CPU
		{095EBCCB-EC8E-323E-1610-1E7EF9AC64DC}.Release|x64.Build.0 = Release|Any CPU
		{095EBCCB-EC8E-323E-1610-1E7EF9AC64DC}.Release|x86.ActiveCfg = Release|Any CPU
		{095EBCCB-EC8E-323E-1610-1E7EF9AC64DC}.Release|x86.Build.0 = Release|Any CPU
		{6B56A956-D416-4E70-B175-E33641E04948}.Debug|Any CPU.ActiveCfg = Debug|Any CPU
		{6B56A956-D416-4E70-B175-E33641E04948}.Debug|Any CPU.Build.0 = Debug|Any CPU
		{6B56A956-D416-4E70-B175-E33641E04948}.Debug|x64.ActiveCfg = Debug|Any CPU
		{6B56A956-D416-4E70-B175-E33641E04948}.Debug|x64.Build.0 = Debug|Any CPU
		{6B56A956-D416-4E70-B175-E33641E04948}.Debug|x86.ActiveCfg = Debug|Any CPU
		{6B56A956-D416-4E70-B175-E33641E04948}.Debug|x86.Build.0 = Debug|Any CPU
		{6B56A956-D416-4E70-B175-E33641E04948}.Release|Any CPU.ActiveCfg = Release|Any CPU
		{6B56A956-D416-4E70-B175-E33641E04948}.Release|Any CPU.Build.0 = Release|Any CPU
		{6B56A956-D416-4E70-B175-E33641E04948}.Release|x64.ActiveCfg = Release|Any CPU
		{6B56A956-D416-4E70-B175-E33641E04948}.Release|x64.Build.0 = Release|Any CPU
		{6B56A956-D416-4E70-B175-E33641E04948}.Release|x86.ActiveCfg = Release|Any CPU
		{6B56A956-D416-4E70-B175-E33641E04948}.Release|x86.Build.0 = Release|Any CPU
	EndGlobalSection
	GlobalSection(SolutionProperties) = preSolution
		HideSolutionNode = FALSE
	EndGlobalSection
	GlobalSection(ExtensibilityGlobals) = postSolution
		SolutionGuid = {5A97FE93-B0DB-4E96-82CA-66254AF980AD}
	EndGlobalSection
EndGlobal
